
Microsoft Visual Studio Solution File, Format Version 12.00
# Visual Studio Version 16
VisualStudioVersion = 16.0.29001.49
MinimumVisualStudioVersion = 10.0.40219.1
Project("{FAE04EC0-301F-11D3-BF4B-00C04F79EFBC}") = "ConsoleApp1", "ConsoleApp1\ConsoleApp1.csproj", "{F0DEA2D7-2DA2-4B3E-88DB-6F38CA443472}"
EndProject
Global
	GlobalSection(SolutionConfigurationPlatforms) = preSolution
		Debug|Any CPU = Debug|Any CPU
		Release|Any CPU = Release|Any CPU
	EndGlobalSection
	GlobalSection(ProjectConfigurationPlatforms) = postSolution
		{F0DEA2D7-2DA2-4B3E-88DB-6F38CA443472}.Debug|Any CPU.ActiveCfg = Debug|Any CPU
		{F0DEA2D7-2DA2-4B3E-88DB-6F38CA443472}.Debug|Any CPU.Build.0 = Debug|Any CPU
		{F0DEA2D7-2DA2-4B3E-88DB-6F38CA443472}.Release|Any CPU.ActiveCfg = Release|Any CPU
		{F0DEA2D7-2DA2-4B3E-88DB-6F38CA443472}.Release|Any CPU.Build.0 = Release|Any CPU
	EndGlobalSection
	GlobalSection(SolutionProperties) = preSolution
		HideSolutionNode = FALSE
	EndGlobalSection
	GlobalSection(ExtensibilityGlobals) = postSolution
		SolutionGuid = {058723E3-02D6-45C0-AD96-66781FECA57B}
	EndGlobalSection
EndGlobal
